
Microsoft Visual Studio Solution File, Format Version 12.00
# Visual Studio Version 16
VisualStudioVersion = 16.0.31729.503
MinimumVisualStudioVersion = 10.0.40219.1
Project("{FAE04EC0-301F-11D3-BF4B-00C04F79EFBC}") = "WindowsFormsApp8", "WindowsFormsApp8\WindowsFormsApp8.csproj", "{B0D652C1-F478-4875-A74B-79C821DE5A54}"
EndProject
Global
	GlobalSection(SolutionConfigurationPlatforms) = preSolution
		Debug|Any CPU = Debug|Any CPU
		Release|Any CPU = Release|Any CPU
	EndGlobalSection
	GlobalSection(ProjectConfigurationPlatforms) = postSolution
		{B0D652C1-F478-4875-A74B-79C821DE5A54}.Debug|Any CPU.ActiveCfg = Debug|Any CPU
		{B0D652C1-F478-4875-A74B-79C821DE5A54}.Debug|Any CPU.Build.0 = Debug|Any CPU
		{B0D652C1-F478-4875-A74B-79C821DE5A54}.Release|Any CPU.ActiveCfg = Release|Any CPU
		{B0D652C1-F478-4875-A74B-79C821DE5A54}.Release|Any CPU.Build.0 = Release|Any CPU
	EndGlobalSection
	GlobalSection(SolutionProperties) = preSolution
		HideSolutionNode = FALSE
	EndGlobalSection
	GlobalSection(ExtensibilityGlobals) = postSolution
		SolutionGuid = {3016A705-226C-4B45-92BB-BAA058585243}
	EndGlobalSection
EndGlobal
